<?xml version="1.0" encoding="utf-8"?>
<Project ToolsVersion="4.0" xmlns="http://schemas.microsoft.com/developer/msbuild/2003">
  <ItemGroup>
    <Filter Include="Source Files">
      <UniqueIdentifier>{4FC737F1-C7A5-4376-A066-2A32D752A2FF}</UniqueIdentifier>
      <Extensions>cpp;c;cc;cxx;def;odl;idl;hpj;bat;asm;asmx</Extensions>
    </Filter>
    <Filter Include="Header Files">
      <UniqueIdentifier>{93995380-89BD-4b04-88EB-625FBE52EBFB}</UniqueIdentifier>
      <Extensions>h;hh;hpp;hxx;hm;inl;inc;xsd</Extensions>
    </Filter>
    <Filter Include="Resource Files">
      <UniqueIdentifier>{67DA6AB6-F800-4c08-8B7A-83BB121AAD01}</UniqueIdentifier>
      <Extensions>rc;ico;cur;bmp;dlg;rc2;rct;bin;rgs;gif;jpg;jpeg;jpe;resx;tiff;tif;png;wav;mfcribbon-ms</Extensions>
    </Filter>
    <Filter Include="Header Files\internal">
      <UniqueIdentifier>{c52535d5-bc86-4450-8344-624fc57b717b}</UniqueIdentifier>
    </Filter>
    <Filter Include="Header Files\internal\custom">
      <UniqueIdentifier>{d3106da5-a05e-4bd8-b708-437b77f28b1b}</UniqueIdentifier>
    </Filter>
  </ItemGroup>
  <ItemGroup>
    <ClInclude Include="..\..\..\extern\googletest\googlemock\include\gmock\internal\custom\gmock-generated-actions.h">
      <Filter>Header Files\internal\custom</Filter>
    </ClInclude>
    <ClInclude Include="..\..\..\extern\googletest\googlemock\include\gmock\internal\custom\gmock-matchers.h">
      <Filter>Header Files\internal\custom</Filter>
    </ClInclude>
    <ClInclude Include="..\..\..\extern\googletest\googlemock\include\gmock\internal\custom\gmock-port.h">
      <Filter>Header Files\internal\custom</Filter>
    </ClInclude>
    <ClInclude Include="..\..\..\extern\googletest\googlemock\include\gmock\internal\gmock-generated-internal-utils.h">
      <Filter>Header Files\internal</Filter>
    </ClInclude>
    <ClInclude Include="..\..\..\extern\googletest\googlemock\include\gmock\internal\gmock-internal-utils.h">
      <Filter>Header Files\internal</Filter>
    </ClInclude>
    <ClInclude Include="..\..\..\extern\googletest\googlemock\include\gmock\internal\gmock-port.h">
      <Filter>Header Files\internal</Filter>
    </ClInclude>
    <ClInclude Include="..\..\..\extern\googletest\googlemock\include\gmock\gmock.h">
      <Filter>Header Files</Filter>
    </ClInclude>
    <ClInclude Include="..\..\..\extern\googletest\googlemock\include\gmock\gmock-actions.h">
      <Filter>Header Files</Filter>
    </ClInclude>
    <ClInclude Include="..\..\..\extern\googletest\googlemock\include\gmock\gmock-cardinalities.h">
      <Filter>Header Files</Filter>
    </ClInclude>
    <ClInclude Include="..\..\..\extern\googletest\googlemock\include\gmock\gmock-generated-actions.h">
      <Filter>Header Files</Filter>
    </ClInclude>
    <ClInclude Include="..\..\..\extern\googletest\googlemock\include\gmock\gmock-generated-function-mockers.h">
      <Filter>Header Files</Filter>
    </ClInclude>
    <ClInclude Include="..\..\..\extern\googletest\googlemock\include\gmock\gmock-generated-matchers.h">
      <Filter>Header Files</Filter>
    </ClInclude>
    <ClInclude Include="..\..\..\extern\googletest\googlemock\include\gmock\gmock-generated-nice-strict.h">
      <Filter>Header Files</Filter>
    </ClInclude>
    <ClInclude Include="..\..\..\extern\googletest\googlemock\include\gmock\gmock-matchers.h">
      <Filter>Header Files</Filter>
    </ClInclude>
    <ClInclude Include="..\..\..\extern\googletest\googlemock\include\gmock\gmock-more-actions.h">
      <Filter>Header Files</Filter>
    </ClInclude>
    <ClInclude Include="..\..\..\extern\googletest\googlemock\include\gmock\gmock-more-matchers.h">
      <Filter>Header Files</Filter>
    </ClInclude>
    <ClInclude Include="..\..\..\extern\googletest\googlemock\include\gmock\gmock-spec-builders.h">
      <Filter>Header Files</Filter>
    </ClInclude>
  </ItemGroup>
  <ItemGroup>
    <None Include="..\..\..\extern\googletest\googlemock\include\gmock\internal\custom\gmock-generated-actions.h.pump">
      <Filter>Header Files\internal\custom</Filter>
    </None>
    <None Include="..\..\..\extern\googletest\googlemock\include\gmock\internal\custom\README.md">
      <Filter>Header Files\internal\custom</Filter>
    </None>
    <None Include="..\..\..\extern\googletest\googlemock\include\gmock\internal\gmock-generated-internal-utils.h.pump">
      <Filter>Header Files\internal</Filter>
    </None>
    <None Include="..\..\..\extern\googletest\googlemock\include\gmock\gmock-generated-actions.h.pump">
      <Filter>Header Files</Filter>
    </None>
    <None Include="..\..\..\extern\googletest\googlemock\include\gmock\gmock-generated-function-mockers.h.pump">
      <Filter>Header Files</Filter>
    </None>
    <None Include="..\..\..\extern\googletest\googlemock\include\gmock\gmock-generated-matchers.h.pump">
      <Filter>Header Files</Filter>
    </None>
    <None Include="..\..\..\extern\googletest\googlemock\include\gmock\gmock-generated-nice-strict.h.pump">
      <Filter>Header Files</Filter>
    </None>
  </ItemGroup>
  <ItemGroup>
    <ClCompile Include="..\..\..\extern\googletest\googlemock\src\gmock.cc">
      <Filter>Source Files</Filter>
    </ClCompile>
    <ClCompile Include="..\..\..\extern\googletest\googlemock\src\gmock_main.cc">
      <Filter>Source Files</Filter>
    </ClCompile>
    <ClCompile Include="..\..\..\extern\googletest\googlemock\src\gmock-cardinalities.cc">
      <Filter>Source Files</Filter>
    </ClCompile>
    <ClCompile Include="..\..\..\extern\googletest\googlemock\src\gmock-internal-utils.cc">
      <Filter>Source Files</Filter>
    </ClCompile>
    <ClCompile Include="..\..\..\extern\googletest\googlemock\src\gmock-matchers.cc">
      <Filter>Source Files</Filter>
    </ClCompile>
    <ClCompile Include="..\..\..\extern\googletest\googlemock\src\gmock-spec-builders.cc">
      <Filter>Source Files</Filter>
    </ClCompile>
  </ItemGroup>
</Project>