
Microsoft Visual Studio Solution File, Format Version 12.00
# Visual Studio Version 16
VisualStudioVersion = 16.0.29905.134
MinimumVisualStudioVersion = 10.0.40219.1
Project("{9A19103F-16F7-4668-BE54-9A1E7A4F7556}") = "PidToolkit", "..\..\src\dotnet\PidToolkit\PidToolkit.csproj", "{A3B054EA-B4AF-42CB-97C8-6184F2C3CFAE}"
EndProject
Project("{9A19103F-16F7-4668-BE54-9A1E7A4F7556}") = "AutoTune", "..\..\src\dotnet\AutoTune\AutoTune.csproj", "{9EBCE1C5-F001-4CDA-98EA-BE208F8A1F35}"
EndProject
Project("{9A19103F-16F7-4668-BE54-9A1E7A4F7556}") = "Controller", "..\..\src\dotnet\Controller\Controller.csproj", "{35C9DE5D-9F84-4384-B906-BC166088C4A5}"
EndProject
Project("{9A19103F-16F7-4668-BE54-9A1E7A4F7556}") = "AutoTuneNUnitTest", "..\..\tests\dotnet\AutoTuneNUnitTest\AutoTuneNUnitTest.csproj", "{F42DD89F-937B-454C-9851-A4C81102762A}"
EndProject
Project("{9A19103F-16F7-4668-BE54-9A1E7A4F7556}") = "ControllerNUnitTest", "..\..\tests\dotnet\ControllerNUnitTest\ControllerNUnitTest.csproj", "{DB1356FE-9CDA-4BFE-9AE4-AC4F73764A08}"
EndProject
Project("{9A19103F-16F7-4668-BE54-9A1E7A4F7556}") = "PidToolkitNUnitTest", "..\..\tests\dotnet\PidToolkitNUnitTest\PidToolkitNUnitTest.csproj", "{2A8DD2AF-274F-4A63-9E69-4783F97F719E}"
EndProject
Project("{FAE04EC0-301F-11D3-BF4B-00C04F79EFBC}") = "PidToolkitTesting", "..\..\tests\dotnet\PidToolkitTesting\PidToolkitTesting.csproj", "{BEC40A07-6106-4F34-B798-4AE6B296753F}"
EndProject
Project("{FAE04EC0-301F-11D3-BF4B-00C04F79EFBC}") = "PidToolkitConsoleApp", "..\..\src\dotnet\PidToolkitConsoleApp\PidToolkitConsoleApp.csproj", "{91E41929-81DB-4E49-9006-EA393F9E2D86}"
EndProject
Global
	GlobalSection(SolutionConfigurationPlatforms) = preSolution
		Debug|Any CPU = Debug|Any CPU
		Debug|x64 = Debug|x64
		Debug|x86 = Debug|x86
		Release|Any CPU = Release|Any CPU
		Release|x64 = Release|x64
		Release|x86 = Release|x86
	EndGlobalSection
	GlobalSection(ProjectConfigurationPlatforms) = postSolution
		{A3B054EA-B4AF-42CB-97C8-6184F2C3CFAE}.Debug|Any CPU.ActiveCfg = Debug|Any CPU
		{A3B054EA-B4AF-42CB-97C8-6184F2C3CFAE}.Debug|Any CPU.Build.0 = Debug|Any CPU
		{A3B054EA-B4AF-42CB-97C8-6184F2C3CFAE}.Debug|x64.ActiveCfg = Debug|Any CPU
		{A3B054EA-B4AF-42CB-97C8-6184F2C3CFAE}.Debug|x64.Build.0 = Debug|Any CPU
		{A3B054EA-B4AF-42CB-97C8-6184F2C3CFAE}.Debug|x86.ActiveCfg = Debug|Any CPU
		{A3B054EA-B4AF-42CB-97C8-6184F2C3CFAE}.Debug|x86.Build.0 = Debug|Any CPU
		{A3B054EA-B4AF-42CB-97C8-6184F2C3CFAE}.Release|Any CPU.ActiveCfg = Debug|Any CPU
		{A3B054EA-B4AF-42CB-97C8-6184F2C3CFAE}.Release|Any CPU.Build.0 = Debug|Any CPU
		{A3B054EA-B4AF-42CB-97C8-6184F2C3CFAE}.Release|x64.ActiveCfg = Release|Any CPU
		{A3B054EA-B4AF-42CB-97C8-6184F2C3CFAE}.Release|x64.Build.0 = Release|Any CPU
		{A3B054EA-B4AF-42CB-97C8-6184F2C3CFAE}.Release|x86.ActiveCfg = Release|Any CPU
		{A3B054EA-B4AF-42CB-97C8-6184F2C3CFAE}.Release|x86.Build.0 = Release|Any CPU
		{9EBCE1C5-F001-4CDA-98EA-BE208F8A1F35}.Debug|Any CPU.ActiveCfg = Debug|Any CPU
		{9EBCE1C5-F001-4CDA-98EA-BE208F8A1F35}.Debug|Any CPU.Build.0 = Debug|Any CPU
		{9EBCE1C5-F001-4CDA-98EA-BE208F8A1F35}.Debug|x64.ActiveCfg = Debug|Any CPU
		{9EBCE1C5-F001-4CDA-98EA-BE208F8A1F35}.Debug|x64.Build.0 = Debug|Any CPU
		{9EBCE1C5-F001-4CDA-98EA-BE208F8A1F35}.Debug|x86.ActiveCfg = Debug|Any CPU
		{9EBCE1C5-F001-4CDA-98EA-BE208F8A1F35}.Debug|x86.Build.0 = Debug|Any CPU
		{9EBCE1C5-F001-4CDA-98EA-BE208F8A1F35}.Release|Any CPU.ActiveCfg = Debug|Any CPU
		{9EBCE1C5-F001-4CDA-98EA-BE208F8A1F35}.Release|Any CPU.Build.0 = Debug|Any CPU
		{9EBCE1C5-F001-4CDA-98EA-BE208F8A1F35}.Release|x64.ActiveCfg = Release|Any CPU
		{9EBCE1C5-F001-4CDA-98EA-BE208F8A1F35}.Release|x64.Build.0 = Release|Any CPU
		{9EBCE1C5-F001-4CDA-98EA-BE208F8A1F35}.Release|x86.ActiveCfg = Release|Any CPU
		{9EBCE1C5-F001-4CDA-98EA-BE208F8A1F35}.Release|x86.Build.0 = Release|Any CPU
		{35C9DE5D-9F84-4384-B906-BC166088C4A5}.Debug|Any CPU.ActiveCfg = Debug|Any CPU
		{35C9DE5D-9F84-4384-B906-BC166088C4A5}.Debug|Any CPU.Build.0 = Debug|Any CPU
		{35C9DE5D-9F84-4384-B906-BC166088C4A5}.Debug|x64.ActiveCfg = Debug|Any CPU
		{35C9DE5D-9F84-4384-B906-BC166088C4A5}.Debug|x64.Build.0 = Debug|Any CPU
		{35C9DE5D-9F84-4384-B906-BC166088C4A5}.Debug|x86.ActiveCfg = Debug|Any CPU
		{35C9DE5D-9F84-4384-B906-BC166088C4A5}.Debug|x86.Build.0 = Debug|Any CPU
		{35C9DE5D-9F84-4384-B906-BC166088C4A5}.Release|Any CPU.ActiveCfg = Debug|Any CPU
		{35C9DE5D-9F84-4384-B906-BC166088C4A5}.Release|Any CPU.Build.0 = Debug|Any CPU
		{35C9DE5D-9F84-4384-B906-BC166088C4A5}.Release|x64.ActiveCfg = Release|Any CPU
		{35C9DE5D-9F84-4384-B906-BC166088C4A5}.Release|x64.Build.0 = Release|Any CPU
		{35C9DE5D-9F84-4384-B906-BC166088C4A5}.Release|x86.ActiveCfg = Release|Any CPU
		{35C9DE5D-9F84-4384-B906-BC166088C4A5}.Release|x86.Build.0 = Release|Any CPU
		{F42DD89F-937B-454C-9851-A4C81102762A}.Debug|Any CPU.ActiveCfg = Debug|Any CPU
		{F42DD89F-937B-454C-9851-A4C81102762A}.Debug|Any CPU.Build.0 = Debug|Any CPU
		{F42DD89F-937B-454C-9851-A4C81102762A}.Debug|x64.ActiveCfg = Debug|Any CPU
		{F42DD89F-937B-454C-9851-A4C81102762A}.Debug|x64.Build.0 = Debug|Any CPU
		{F42DD89F-937B-454C-9851-A4C81102762A}.Debug|x86.ActiveCfg = Debug|Any CPU
		{F42DD89F-937B-454C-9851-A4C81102762A}.Debug|x86.Build.0 = Debug|Any CPU
		{F42DD89F-937B-454C-9851-A4C81102762A}.Release|Any CPU.ActiveCfg = Debug|Any CPU
		{F42DD89F-937B-454C-9851-A4C81102762A}.Release|Any CPU.Build.0 = Debug|Any CPU
		{F42DD89F-937B-454C-9851-A4C81102762A}.Release|x64.ActiveCfg = Release|Any CPU
		{F42DD89F-937B-454C-9851-A4C81102762A}.Release|x64.Build.0 = Release|Any CPU
		{F42DD89F-937B-454C-9851-A4C81102762A}.Release|x86.ActiveCfg = Release|Any CPU
		{F42DD89F-937B-454C-9851-A4C81102762A}.Release|x86.Build.0 = Release|Any CPU
		{DB1356FE-9CDA-4BFE-9AE4-AC4F73764A08}.Debug|Any CPU.ActiveCfg = Debug|Any CPU
		{DB1356FE-9CDA-4BFE-9AE4-AC4F73764A08}.Debug|Any CPU.Build.0 = Debug|Any CPU
		{DB1356FE-9CDA-4BFE-9AE4-AC4F73764A08}.Debug|x64.ActiveCfg = Debug|Any CPU
		{DB1356FE-9CDA-4BFE-9AE4-AC4F73764A08}.Debug|x64.Build.0 = Debug|Any CPU
		{DB1356FE-9CDA-4BFE-9AE4-AC4F73764A08}.Debug|x86.ActiveCfg = Debug|Any CPU
		{DB1356FE-9CDA-4BFE-9AE4-AC4F73764A08}.Debug|x86.Build.0 = Debug|Any CPU
		{DB1356FE-9CDA-4BFE-9AE4-AC4F73764A08}.Release|Any CPU.ActiveCfg = Debug|Any CPU
		{DB1356FE-9CDA-4BFE-9AE4-AC4F73764A08}.Release|Any CPU.Build.0 = Debug|Any CPU
		{DB1356FE-9CDA-4BFE-9AE4-AC4F73764A08}.Release|x64.ActiveCfg = Release|Any CPU
		{DB1356FE-9CDA-4BFE-9AE4-AC4F73764A08}.Release|x64.Build.0 = Release|Any CPU
		{DB1356FE-9CDA-4BFE-9AE4-AC4F73764A08}.Release|x86.ActiveCfg = Release|Any CPU
		{DB1356FE-9CDA-4BFE-9AE4-AC4F73764A08}.Release|x86.Build.0 = Release|Any CPU
		{2A8DD2AF-274F-4A63-9E69-4783F97F719E}.Debug|Any CPU.ActiveCfg = Debug|Any CPU
		{2A8DD2AF-274F-4A63-9E69-4783F97F719E}.Debug|Any CPU.Build.0 = Debug|Any CPU
		{2A8DD2AF-274F-4A63-9E69-4783F97F719E}.Debug|x64.ActiveCfg = Debug|Any CPU
		{2A8DD2AF-274F-4A63-9E69-4783F97F719E}.Debug|x64.Build.0 = Debug|Any CPU
		{2A8DD2AF-274F-4A63-9E69-4783F97F719E}.Debug|x86.ActiveCfg = Debug|Any CPU
		{2A8DD2AF-274F-4A63-9E69-4783F97F719E}.Debug|x86.Build.0 = Debug|Any CPU
		{2A8DD2AF-274F-4A63-9E69-4783F97F719E}.Release|Any CPU.ActiveCfg = Debug|Any CPU
		{2A8DD2AF-274F-4A63-9E69-4783F97F719E}.Release|Any CPU.Build.0 = Debug|Any CPU
		{2A8DD2AF-274F-4A63-9E69-4783F97F719E}.Release|x64.ActiveCfg = Release|Any CPU
		{2A8DD2AF-274F-4A63-9E69-4783F97F719E}.Release|x64.Build.0 = Release|Any CPU
		{2A8DD2AF-274F-4A63-9E69-4783F97F719E}.Release|x86.ActiveCfg = Release|Any CPU
		{2A8DD2AF-274F-4A63-9E69-4783F97F719E}.Release|x86.Build.0 = Release|Any CPU
		{BEC40A07-6106-4F34-B798-4AE6B296753F}.Debug|Any CPU.ActiveCfg = Debug|Any CPU
		{BEC40A07-6106-4F34-B798-4AE6B296753F}.Debug|Any CPU.Build.0 = Debug|Any CPU
		{BEC40A07-6106-4F34-B798-4AE6B296753F}.Debug|x64.ActiveCfg = Debug|Any CPU
		{BEC40A07-6106-4F34-B798-4AE6B296753F}.Debug|x64.Build.0 = Debug|Any CPU
		{BEC40A07-6106-4F34-B798-4AE6B296753F}.Debug|x86.ActiveCfg = Debug|Any CPU
		{BEC40A07-6106-4F34-B798-4AE6B296753F}.Debug|x86.Build.0 = Debug|Any CPU
		{BEC40A07-6106-4F34-B798-4AE6B296753F}.Release|Any CPU.ActiveCfg = Debug|Any CPU
		{BEC40A07-6106-4F34-B798-4AE6B296753F}.Release|Any CPU.Build.0 = Debug|Any CPU
		{BEC40A07-6106-4F34-B798-4AE6B296753F}.Release|x64.ActiveCfg = Release|Any CPU
		{BEC40A07-6106-4F34-B798-4AE6B296753F}.Release|x64.Build.0 = Release|Any CPU
		{BEC40A07-6106-4F34-B798-4AE6B296753F}.Release|x86.ActiveCfg = Release|Any CPU
		{BEC40A07-6106-4F34-B798-4AE6B296753F}.Release|x86.Build.0 = Release|Any CPU
		{91E41929-81DB-4E49-9006-EA393F9E2D86}.Debug|Any CPU.ActiveCfg = Debug|Any CPU
		{91E41929-81DB-4E49-9006-EA393F9E2D86}.Debug|Any CPU.Build.0 = Debug|Any CPU
		{91E41929-81DB-4E49-9006-EA393F9E2D86}.Debug|x64.ActiveCfg = Debug|Any CPU
		{91E41929-81DB-4E49-9006-EA393F9E2D86}.Debug|x64.Build.0 = Debug|Any CPU
		{91E41929-81DB-4E49-9006-EA393F9E2D86}.Debug|x86.ActiveCfg = Debug|Any CPU
		{91E41929-81DB-4E49-9006-EA393F9E2D86}.Debug|x86.Build.0 = Debug|Any CPU
		{91E41929-81DB-4E49-9006-EA393F9E2D86}.Release|Any CPU.ActiveCfg = Release|Any CPU
		{91E41929-81DB-4E49-9006-EA393F9E2D86}.Release|Any CPU.Build.0 = Release|Any CPU
		{91E41929-81DB-4E49-9006-EA393F9E2D86}.Release|x64.ActiveCfg = Release|Any CPU
		{91E41929-81DB-4E49-9006-EA393F9E2D86}.Release|x64.Build.0 = Release|Any CPU
		{91E41929-81DB-4E49-9006-EA393F9E2D86}.Release|x86.ActiveCfg = Release|Any CPU
		{91E41929-81DB-4E49-9006-EA393F9E2D86}.Release|x86.Build.0 = Release|Any CPU
	EndGlobalSection
	GlobalSection(SolutionProperties) = preSolution
		HideSolutionNode = FALSE
	EndGlobalSection
	GlobalSection(ExtensibilityGlobals) = postSolution
		SolutionGuid = {51A67BA8-D541-42CF-9B5E-75733332AA17}
	EndGlobalSection
EndGlobal
